
Microsoft Visual Studio Solution File, Format Version 12.00
# Visual Studio Version 17
VisualStudioVersion = 17.10.35201.131
MinimumVisualStudioVersion = 10.0.40219.1
Project("{FAE04EC0-301F-11D3-BF4B-00C04F79EFBC}") = "petryankin-daniil-kt-31-21", "petryankin-daniil-kt-31-21\petryankin-daniil-kt-31-21.csproj", "{96D485EE-7DB2-427D-A4EB-BC06C4BA1FD8}"
EndProject
Global
	GlobalSection(SolutionConfigurationPlatforms) = preSolution
		Debug|Any CPU = Debug|Any CPU
		Release|Any CPU = Release|Any CPU
	EndGlobalSection
	GlobalSection(ProjectConfigurationPlatforms) = postSolution
		{96D485EE-7DB2-427D-A4EB-BC06C4BA1FD8}.Debug|Any CPU.ActiveCfg = Debug|Any CPU
		{96D485EE-7DB2-427D-A4EB-BC06C4BA1FD8}.Debug|Any CPU.Build.0 = Debug|Any CPU
		{96D485EE-7DB2-427D-A4EB-BC06C4BA1FD8}.Release|Any CPU.ActiveCfg = Release|Any CPU
		{96D485EE-7DB2-427D-A4EB-BC06C4BA1FD8}.Release|Any CPU.Build.0 = Release|Any CPU
	EndGlobalSection
	GlobalSection(SolutionProperties) = preSolution
		HideSolutionNode = FALSE
	EndGlobalSection
	GlobalSection(ExtensibilityGlobals) = postSolution
		SolutionGuid = {16D6C6A3-E201-4F7F-A016-8BB33CE5D82B}
	EndGlobalSection
EndGlobal
